
Microsoft Visual Studio Solution File, Format Version 12.00
# Visual Studio Version 17
VisualStudioVersion = 17.11.35327.3
MinimumVisualStudioVersion = 10.0.40219.1
Project("{FAE04EC0-301F-11D3-BF4B-00C04F79EFBC}") = "mk", "mk\mk.csproj", "{362FC15B-3AED-4B67-B4AF-0E3D4E75DCA0}"
EndProject
Global
	GlobalSection(SolutionConfigurationPlatforms) = preSolution
		Debug|Any CPU = Debug|Any CPU
		Release|Any CPU = Release|Any CPU
	EndGlobalSection
	GlobalSection(ProjectConfigurationPlatforms) = postSolution
		{362FC15B-3AED-4B67-B4AF-0E3D4E75DCA0}.Debug|Any CPU.ActiveCfg = Debug|Any CPU
		{362FC15B-3AED-4B67-B4AF-0E3D4E75DCA0}.Debug|Any CPU.Build.0 = Debug|Any CPU
		{362FC15B-3AED-4B67-B4AF-0E3D4E75DCA0}.Release|Any CPU.ActiveCfg = Release|Any CPU
		{362FC15B-3AED-4B67-B4AF-0E3D4E75DCA0}.Release|Any CPU.Build.0 = Release|Any CPU
	EndGlobalSection
	GlobalSection(SolutionProperties) = preSolution
		HideSolutionNode = FALSE
	EndGlobalSection
	GlobalSection(ExtensibilityGlobals) = postSolution
		SolutionGuid = {CEE6CE1A-9158-4F89-A315-DA392D3DA692}
	EndGlobalSection
EndGlobal
